<?xml version="1.0" encoding="utf-8"?>
<Project ToolsVersion="4.0" xmlns="http://schemas.microsoft.com/developer/msbuild/2003">
  <ItemGroup>
    <Filter Include="Source Files">
      <UniqueIdentifier>{4FC737F1-C7A5-4376-A066-2A32D752A2FF}</UniqueIdentifier>
      <Extensions>cpp;c;cc;cxx;def;odl;idl;hpj;bat;asm;asmx</Extensions>
    </Filter>
    <Filter Include="Header Files">
      <UniqueIdentifier>{93995380-89BD-4b04-88EB-625FBE52EBFB}</UniqueIdentifier>
      <Extensions>h;hh;hpp;hxx;hm;inl;inc;xsd</Extensions>
    </Filter>
    <Filter Include="Resource Files">
      <UniqueIdentifier>{67DA6AB6-F800-4c08-8B7A-83BB121AAD01}</UniqueIdentifier>
      <Extensions>rc;ico;cur;bmp;dlg;rc2;rct;bin;rgs;gif;jpg;jpeg;jpe;resx;tiff;tif;png;wav</Extensions>
    </Filter>
  </ItemGroup>
  <ItemGroup>
    <ClCompile Include="..\Source\d2Color.cpp">
      <Filter>Source Files</Filter>
    </ClCompile>
    <ClCompile Include="..\Source\d2Hjson.cpp">
      <Filter>Source Files</Filter>
    </ClCompile>
    <ClCompile Include="..\Source\d2Main.cpp">
      <Filter>Source Files</Filter>
    </ClCompile>
    <ClCompile Include="..\Source\d2Menu.cpp">
      <Filter>Source Files</Filter>
    </ClCompile>
    <ClCompile Include="..\Source\d2Network.cpp">
      <Filter>Source Files</Filter>
    </ClCompile>
    <ClCompile Include="..\Source\d2NumberManip.cpp">
      <Filter>Source Files</Filter>
    </ClCompile>
    <ClCompile Include="..\Source\d2pch.cpp">
      <Filter>Source Files</Filter>
    </ClCompile>
    <ClCompile Include="..\Source\d2Random.cpp">
      <Filter>Source Files</Filter>
    </ClCompile>
    <ClCompile Include="..\Source\d2Rect.cpp">
      <Filter>Source Files</Filter>
    </ClCompile>
    <ClCompile Include="..\Source\d2Resource.cpp">
      <Filter>Source Files</Filter>
    </ClCompile>
    <ClCompile Include="..\Source\d2ShapeFactory.cpp">
      <Filter>Source Files</Filter>
    </ClCompile>
    <ClCompile Include="..\Source\d2StringManip.cpp">
      <Filter>Source Files</Filter>
    </ClCompile>
    <ClCompile Include="..\Source\d2Timer.cpp">
      <Filter>Source Files</Filter>
    </ClCompile>
    <ClCompile Include="..\Source\d2Utility.cpp">
      <Filter>Source Files</Filter>
    </ClCompile>
    <ClCompile Include="..\Source\d2Window.cpp">
      <Filter>Source Files</Filter>
    </ClCompile>
  </ItemGroup>
  <ItemGroup>
    <ClInclude Include="..\Include\d2Main.h">
      <Filter>Header Files</Filter>
    </ClInclude>
    <ClInclude Include="..\Include\d2Menu.h">
      <Filter>Header Files</Filter>
    </ClInclude>
    <ClInclude Include="..\Include\d2Network.h">
      <Filter>Header Files</Filter>
    </ClInclude>
    <ClInclude Include="..\Include\d2NumberManip.h">
      <Filter>Header Files</Filter>
    </ClInclude>
    <ClInclude Include="..\Include\d2pch.h">
      <Filter>Header Files</Filter>
    </ClInclude>
    <ClInclude Include="..\Include\d2Random.h">
      <Filter>Header Files</Filter>
    </ClInclude>
    <ClInclude Include="..\Include\d2Range.h">
      <Filter>Header Files</Filter>
    </ClInclude>
    <ClInclude Include="..\Include\d2Rect.h">
      <Filter>Header Files</Filter>
    </ClInclude>
    <ClInclude Include="..\Include\d2Resource.h">
      <Filter>Header Files</Filter>
    </ClInclude>
    <ClInclude Include="..\Include\d2ShapeFactory.h">
      <Filter>Header Files</Filter>
    </ClInclude>
    <ClInclude Include="..\Include\d2StringManip.h">
      <Filter>Header Files</Filter>
    </ClInclude>
    <ClInclude Include="..\Include\d2Timer.h">
      <Filter>Header Files</Filter>
    </ClInclude>
    <ClInclude Include="..\Include\d2Utility.h">
      <Filter>Header Files</Filter>
    </ClInclude>
    <ClInclude Include="..\Include\d2Window.h">
      <Filter>Header Files</Filter>
    </ClInclude>
    <ClInclude Include="..\Include\d2Color.h">
      <Filter>Header Files</Filter>
    </ClInclude>
    <ClInclude Include="..\Include\d2d.h">
      <Filter>Header Files</Filter>
    </ClInclude>
    <ClInclude Include="..\Include\d2Hjson.h">
      <Filter>Header Files</Filter>
    </ClInclude>
  </ItemGroup>
</Project>